dependencies:
- name: dapr
  repository: https://dapr.github.io/helm-charts/
  version: 1.18.1
- name: nats
  repository: https://nats-io.github.io/k8s/helm/charts/
  version: 2.14.2
- name: openfga
  repository: https://openfga.github.io/helm-charts
  version: 0.3.9
- name: greptimedb-standalone
  repository: https://greptimeteam.github.io/helm-charts/
  version: 0.4.5
- name: perses
  repository: https://perses.github.io/helm-charts
  version: 0.22.0
digest: sha256:3d62e09266d8ccee7c6fe4dd0c1566ea22e9ef398c178c8f09552625f74308e9
generated: "2026-06-29T19:51:20.987562922+02:00"
